
Microsoft Visual Studio Solution File, Format Version 12.00
# Visual Studio Version 17
VisualStudioVersion = 17.2.32616.157
MinimumVisualStudioVersion = 10.0.40219.1
Project("{2150E333-8FDC-42A3-9474-1A3956D46DE8}") = "Services", "Services", "{677F32A2-3F61-4466-826E-84F373E63AB8}"
EndProject
Project("{2150E333-8FDC-42A3-9474-1A3956D46DE8}") = "Catalog", "Catalog", "{20270AFC-7A9D-4E5D-8085-44A1F47551B8}"
EndProject
Project("{9A19103F-16F7-4668-BE54-9A1E7A4F7556}") = "Catalog.API", "Services\Catalog\Catalog.API\Catalog.API.csproj", "{11B896FC-6232-48EB-9952-9EEB53CC9844}"
EndProject
Project("{E53339B2-1760-4266-BCC7-CA923CBCF16C}") = "docker-compose", "docker-compose.dcproj", "{02CE1B12-6E05-436F-94D9-1DCA89C3E696}"
EndProject
Project("{2150E333-8FDC-42A3-9474-1A3956D46DE8}") = "Basket", "Basket", "{D01BFC12-71FF-4A19-B32D-50BF21F2696F}"
EndProject
Project("{9A19103F-16F7-4668-BE54-9A1E7A4F7556}") = "Basket.API", "Services\Basket\Basket.API\Basket.API.csproj", "{7BC60A67-68C8-4CE8-9D6D-567535AF63F5}"
EndProject
Project("{2150E333-8FDC-42A3-9474-1A3956D46DE8}") = "Discount", "Discount", "{B1027623-DBFC-4839-82AC-BAECDEDEA9F0}"
EndProject
Project("{FAE04EC0-301F-11D3-BF4B-00C04F79EFBC}") = "Discount.API", "Services\Discount\Discount.API\Discount.API.csproj", "{CA666322-F910-4376-A690-E8C2B93FA21B}"
EndProject
Global
	GlobalSection(SolutionConfigurationPlatforms) = preSolution
		Debug|Any CPU = Debug|Any CPU
		Release|Any CPU = Release|Any CPU
	EndGlobalSection
	GlobalSection(ProjectConfigurationPlatforms) = postSolution
		{11B896FC-6232-48EB-9952-9EEB53CC9844}.Debug|Any CPU.ActiveCfg = Debug|Any CPU
		{11B896FC-6232-48EB-9952-9EEB53CC9844}.Debug|Any CPU.Build.0 = Debug|Any CPU
		{11B896FC-6232-48EB-9952-9EEB53CC9844}.Release|Any CPU.ActiveCfg = Release|Any CPU
		{11B896FC-6232-48EB-9952-9EEB53CC9844}.Release|Any CPU.Build.0 = Release|Any CPU
		{02CE1B12-6E05-436F-94D9-1DCA89C3E696}.Debug|Any CPU.ActiveCfg = Debug|Any CPU
		{02CE1B12-6E05-436F-94D9-1DCA89C3E696}.Debug|Any CPU.Build.0 = Debug|Any CPU
		{02CE1B12-6E05-436F-94D9-1DCA89C3E696}.Release|Any CPU.ActiveCfg = Release|Any CPU
		{02CE1B12-6E05-436F-94D9-1DCA89C3E696}.Release|Any CPU.Build.0 = Release|Any CPU
		{7BC60A67-68C8-4CE8-9D6D-567535AF63F5}.Debug|Any CPU.ActiveCfg = Debug|Any CPU
		{7BC60A67-68C8-4CE8-9D6D-567535AF63F5}.Debug|Any CPU.Build.0 = Debug|Any CPU
		{7BC60A67-68C8-4CE8-9D6D-567535AF63F5}.Release|Any CPU.ActiveCfg = Release|Any CPU
		{7BC60A67-68C8-4CE8-9D6D-567535AF63F5}.Release|Any CPU.Build.0 = Release|Any CPU
		{CA666322-F910-4376-A690-E8C2B93FA21B}.Debug|Any CPU.ActiveCfg = Debug|Any CPU
		{CA666322-F910-4376-A690-E8C2B93FA21B}.Debug|Any CPU.Build.0 = Debug|Any CPU
		{CA666322-F910-4376-A690-E8C2B93FA21B}.Release|Any CPU.ActiveCfg = Release|Any CPU
		{CA666322-F910-4376-A690-E8C2B93FA21B}.Release|Any CPU.Build.0 = Release|Any CPU
	EndGlobalSection
	GlobalSection(SolutionProperties) = preSolution
		HideSolutionNode = FALSE
	EndGlobalSection
	GlobalSection(NestedProjects) = preSolution
		{20270AFC-7A9D-4E5D-8085-44A1F47551B8} = {677F32A2-3F61-4466-826E-84F373E63AB8}
		{11B896FC-6232-48EB-9952-9EEB53CC9844} = {20270AFC-7A9D-4E5D-8085-44A1F47551B8}
		{D01BFC12-71FF-4A19-B32D-50BF21F2696F} = {677F32A2-3F61-4466-826E-84F373E63AB8}
		{7BC60A67-68C8-4CE8-9D6D-567535AF63F5} = {D01BFC12-71FF-4A19-B32D-50BF21F2696F}
		{B1027623-DBFC-4839-82AC-BAECDEDEA9F0} = {677F32A2-3F61-4466-826E-84F373E63AB8}
		{CA666322-F910-4376-A690-E8C2B93FA21B} = {B1027623-DBFC-4839-82AC-BAECDEDEA9F0}
	EndGlobalSection
	GlobalSection(ExtensibilityGlobals) = postSolution
		SolutionGuid = {D2C97219-3ABE-4C14-9ECB-E9DF90BA7815}
	EndGlobalSection
EndGlobal
